PODS:
  - Bolts/Tasks (1.9.0)
  - Parse (1.17.2):
    - Parse/Core (= 1.17.2)
  - Parse/Core (1.17.2):
    - Bolts/Tasks (~> 1.9)
  - SnapKit (4.0.1)

DEPENDENCIES:
  - Parse
  - SnapKit (~> 4.0.0)

SPEC REPOS:
  https://github.com/cocoapods/specs.git:
    - Bolts
    - Parse
    - SnapKit

SPEC CHECKSUMS:
  Bolts: ac6567323eac61e203f6a9763667d0f711be34c8
  Parse: 3b31a3dd1777b07ee7f0caee32fafbff544483a5
  SnapKit: 0de968a9fec17499afa29683b05d0c775b6d1c29

PODFILE CHECKSUM: 92befb89b0fb628a31ac72dc0fde60bb85a44044

COCOAPODS: 1.5.3
